
Microsoft Visual Studio Solution File, Format Version 12.00
Project("{2150E333-8FDC-42A3-9474-1A3956D46DE8}") = "Soluntion Item", "Soluntion Item", "{40BCD820-834F-4509-9600-842EB105F5DD}"
	ProjectSection(SolutionItems) = preProject
		src\docker-compose.yml = src\docker-compose.yml
		src\docker-compose.override.yml = src\docker-compose.override.yml
		global.json = global.json
		.dockerignore = .dockerignore
	EndProjectSection
EndProject
Project("{2150E333-8FDC-42A3-9474-1A3956D46DE8}") = "src", "src", "{B1314A03-18A1-4917-B61A-55901183639B}"
EndProject
Project("{2150E333-8FDC-42A3-9474-1A3956D46DE8}") = "test", "test", "{5827CD60-DC60-4925-AC89-206E2B687CE7}"
EndProject
Project("{2150E333-8FDC-42A3-9474-1A3956D46DE8}") = "ApiGateways", "ApiGateways", "{C274A65D-FE37-441F-A4BD-29354F2699D9}"
EndProject
Project("{2150E333-8FDC-42A3-9474-1A3956D46DE8}") = "BuildingBlocks", "BuildingBlocks", "{F2173968-E426-481E-912B-C7C03D00AFDD}"
EndProject
Project("{2150E333-8FDC-42A3-9474-1A3956D46DE8}") = "Services", "Services", "{36C7D61C-73F6-4567-8DC0-7DA12BD203A0}"
EndProject
Project("{2150E333-8FDC-42A3-9474-1A3956D46DE8}") = "WebApps", "WebApps", "{392BACB5-2B42-4967-B535-CB027B370EB8}"
EndProject
Project("{FAE04EC0-301F-11D3-BF4B-00C04F79EFBC}") = "Common.Logging", "src\BuildingBlocks\Common.Logging\Common.Logging.csproj", "{A26F9EDD-28B8-4325-83A1-D2EDB24A497C}"
EndProject
Project("{2150E333-8FDC-42A3-9474-1A3956D46DE8}") = "Product", "Product", "{7142F314-9D89-4490-8E43-6E1A43EA370D}"
EndProject
Project("{2150E333-8FDC-42A3-9474-1A3956D46DE8}") = "Basket", "Basket", "{8332C250-B0BC-43B1-9F5D-E7BE98BF546D}"
EndProject
Project("{2150E333-8FDC-42A3-9474-1A3956D46DE8}") = "Customer", "Customer", "{8EBCDB93-FF3D-4B10-8517-88F938F6C2EA}"
EndProject
Project("{2150E333-8FDC-42A3-9474-1A3956D46DE8}") = "Inventory", "Inventory", "{3660EF76-A609-451D-8F22-E36F502BAD3F}"
EndProject
Project("{2150E333-8FDC-42A3-9474-1A3956D46DE8}") = "Ordering", "Ordering", "{D359F8A9-37FB-4D7B-BF78-CD096DA916A3}"
	ProjectSection(SolutionItems) = preProject
		src\Services\Ordering\Readme.md = src\Services\Ordering\Readme.md
	EndProjectSection
EndProject
Project("{2150E333-8FDC-42A3-9474-1A3956D46DE8}") = "ScheduledJob", "ScheduledJob", "{A9ECC4F7-FB31-4DC7-B89B-44B8EF1F0799}"
EndProject
Project("{FAE04EC0-301F-11D3-BF4B-00C04F79EFBC}") = "Basket.API", "src\Services\Basket.API\Basket.API.csproj", "{2B236442-0006-4640-ABFA-653D90B6CD97}"
EndProject
Project("{FAE04EC0-301F-11D3-BF4B-00C04F79EFBC}") = "Customer.API", "src\Services\Customer.API\Customer.API.csproj", "{222F41E3-02F9-411E-8836-7631D9DD09C9}"
EndProject
Project("{FAE04EC0-301F-11D3-BF4B-00C04F79EFBC}") = "Inventory.Production.API", "src\Services\Inventory.Production.API\Inventory.Production.API.csproj", "{50DACEB4-0DD4-44A0-B835-D0C6371717CC}"
EndProject
Project("{FAE04EC0-301F-11D3-BF4B-00C04F79EFBC}") = "Product.API", "src\Services\Product.API\Product.API.csproj", "{178E04C2-02E1-4E4D-809A-E72A4066AC12}"
EndProject
Project("{FAE04EC0-301F-11D3-BF4B-00C04F79EFBC}") = "Hangfire.API", "src\Services\Hangfire.API\Hangfire.API.csproj", "{54DBE840-ECAA-4F4A-A7C1-6B689C53D881}"
EndProject
Project("{FAE04EC0-301F-11D3-BF4B-00C04F79EFBC}") = "Contracts", "src\BuildingBlocks\Contracts\Contracts.csproj", "{ABC61085-2060-41D4-942F-DF1B5FACF1FE}"
EndProject
Project("{FAE04EC0-301F-11D3-BF4B-00C04F79EFBC}") = "Infrastructure", "src\BuildingBlocks\Infrastructure\Infrastructure.csproj", "{05DCDB43-03D0-401A-8137-042A8C417527}"
EndProject
Project("{FAE04EC0-301F-11D3-BF4B-00C04F79EFBC}") = "Shared", "src\BuildingBlocks\Shared\Shared.csproj", "{5C88F413-0152-4A97-B1F6-44B2EE4F32DF}"
EndProject
Project("{FAE04EC0-301F-11D3-BF4B-00C04F79EFBC}") = "OcelotApiGw", "src\ApiGateways\OcelotApiGw\OcelotApiGw.csproj", "{75762C2E-34E8-4F3D-BDA6-D436CE896612}"
EndProject
Project("{FAE04EC0-301F-11D3-BF4B-00C04F79EFBC}") = "Ordering.API", "src\Services\Ordering\Ordering.API\Ordering.API.csproj", "{A17678B3-2840-4BA1-8882-4D8A93FAC017}"
EndProject
Project("{FAE04EC0-301F-11D3-BF4B-00C04F79EFBC}") = "Ordering.Infrastructure", "src\Services\Ordering\Ordering.Infrastructure\Ordering.Infrastructure.csproj", "{B632A76B-6AE4-443C-91D3-708DB75ADA5E}"
EndProject
Project("{FAE04EC0-301F-11D3-BF4B-00C04F79EFBC}") = "Ordering.Domain", "src\Services\Ordering\Ordering.Domain\Ordering.Domain.csproj", "{B721853A-5FD7-473D-9CE1-09E35E79BE63}"
EndProject
Project("{FAE04EC0-301F-11D3-BF4B-00C04F79EFBC}") = "Ordering.Application", "src\Services\Ordering\Ordering.Application\Ordering.Application.csproj", "{B4D38B33-9EEA-4C46-A0BB-F1BC300EDAD7}"
EndProject
Project("{2150E333-8FDC-42A3-9474-1A3956D46DE8}") = "EventBus", "EventBus", "{0EB8985F-074F-4079-99EF-A315CC5B6D3C}"
EndProject
Project("{FAE04EC0-301F-11D3-BF4B-00C04F79EFBC}") = "EventBus.Message", "src\BuildingBlocks\EventBus\EventBus.Message\EventBus.Message.csproj", "{61592D7B-EF68-44B5-89BF-0F715200CE32}"
EndProject
Project("{FAE04EC0-301F-11D3-BF4B-00C04F79EFBC}") = "Inventory.GrpcService", "src\Services\Inventory.GrpcService\Inventory.GrpcService\Inventory.GrpcService.csproj", "{2F9D9CF2-1186-440A-AD16-85529BC7BEF9}"
EndProject
Project("{FAE04EC0-301F-11D3-BF4B-00C04F79EFBC}") = "Saga.Orchestrator", "src\Saga.Orchestrator\Saga.Orchestrator\Saga.Orchestrator.csproj", "{92D393A4-9212-4BAD-BEFF-BE8A53D5D43F}"
EndProject
Project("{2150E333-8FDC-42A3-9474-1A3956D46DE8}") = "Saga.Orchestrator", "Saga.Orchestrator", "{A3A2328A-04F7-4716-871D-AD2BC6B85B12}"
EndProject
Global
	GlobalSection(SolutionConfigurationPlatforms) = preSolution
		Debug|Any CPU = Debug|Any CPU
		Release|Any CPU = Release|Any CPU
	EndGlobalSection
	GlobalSection(NestedProjects) = preSolution
		{C274A65D-FE37-441F-A4BD-29354F2699D9} = {B1314A03-18A1-4917-B61A-55901183639B}
		{F2173968-E426-481E-912B-C7C03D00AFDD} = {B1314A03-18A1-4917-B61A-55901183639B}
		{36C7D61C-73F6-4567-8DC0-7DA12BD203A0} = {B1314A03-18A1-4917-B61A-55901183639B}
		{392BACB5-2B42-4967-B535-CB027B370EB8} = {B1314A03-18A1-4917-B61A-55901183639B}
		{A26F9EDD-28B8-4325-83A1-D2EDB24A497C} = {F2173968-E426-481E-912B-C7C03D00AFDD}
		{7142F314-9D89-4490-8E43-6E1A43EA370D} = {36C7D61C-73F6-4567-8DC0-7DA12BD203A0}
		{8332C250-B0BC-43B1-9F5D-E7BE98BF546D} = {36C7D61C-73F6-4567-8DC0-7DA12BD203A0}
		{8EBCDB93-FF3D-4B10-8517-88F938F6C2EA} = {36C7D61C-73F6-4567-8DC0-7DA12BD203A0}
		{3660EF76-A609-451D-8F22-E36F502BAD3F} = {36C7D61C-73F6-4567-8DC0-7DA12BD203A0}
		{D359F8A9-37FB-4D7B-BF78-CD096DA916A3} = {36C7D61C-73F6-4567-8DC0-7DA12BD203A0}
		{A9ECC4F7-FB31-4DC7-B89B-44B8EF1F0799} = {36C7D61C-73F6-4567-8DC0-7DA12BD203A0}
		{2B236442-0006-4640-ABFA-653D90B6CD97} = {8332C250-B0BC-43B1-9F5D-E7BE98BF546D}
		{222F41E3-02F9-411E-8836-7631D9DD09C9} = {8EBCDB93-FF3D-4B10-8517-88F938F6C2EA}
		{50DACEB4-0DD4-44A0-B835-D0C6371717CC} = {3660EF76-A609-451D-8F22-E36F502BAD3F}
		{178E04C2-02E1-4E4D-809A-E72A4066AC12} = {7142F314-9D89-4490-8E43-6E1A43EA370D}
		{54DBE840-ECAA-4F4A-A7C1-6B689C53D881} = {A9ECC4F7-FB31-4DC7-B89B-44B8EF1F0799}
		{ABC61085-2060-41D4-942F-DF1B5FACF1FE} = {F2173968-E426-481E-912B-C7C03D00AFDD}
		{05DCDB43-03D0-401A-8137-042A8C417527} = {F2173968-E426-481E-912B-C7C03D00AFDD}
		{5C88F413-0152-4A97-B1F6-44B2EE4F32DF} = {F2173968-E426-481E-912B-C7C03D00AFDD}
		{75762C2E-34E8-4F3D-BDA6-D436CE896612} = {C274A65D-FE37-441F-A4BD-29354F2699D9}
		{A17678B3-2840-4BA1-8882-4D8A93FAC017} = {D359F8A9-37FB-4D7B-BF78-CD096DA916A3}
		{B632A76B-6AE4-443C-91D3-708DB75ADA5E} = {D359F8A9-37FB-4D7B-BF78-CD096DA916A3}
		{B721853A-5FD7-473D-9CE1-09E35E79BE63} = {D359F8A9-37FB-4D7B-BF78-CD096DA916A3}
		{B4D38B33-9EEA-4C46-A0BB-F1BC300EDAD7} = {D359F8A9-37FB-4D7B-BF78-CD096DA916A3}
		{0EB8985F-074F-4079-99EF-A315CC5B6D3C} = {F2173968-E426-481E-912B-C7C03D00AFDD}
		{61592D7B-EF68-44B5-89BF-0F715200CE32} = {0EB8985F-074F-4079-99EF-A315CC5B6D3C}
		{2F9D9CF2-1186-440A-AD16-85529BC7BEF9} = {3660EF76-A609-451D-8F22-E36F502BAD3F}
		{A3A2328A-04F7-4716-871D-AD2BC6B85B12} = {B1314A03-18A1-4917-B61A-55901183639B}
		{92D393A4-9212-4BAD-BEFF-BE8A53D5D43F} = {A3A2328A-04F7-4716-871D-AD2BC6B85B12}
	EndGlobalSection
	GlobalSection(ProjectConfigurationPlatforms) = postSolution
		{A26F9EDD-28B8-4325-83A1-D2EDB24A497C}.Debug|Any CPU.ActiveCfg = Debug|Any CPU
		{A26F9EDD-28B8-4325-83A1-D2EDB24A497C}.Debug|Any CPU.Build.0 = Debug|Any CPU
		{A26F9EDD-28B8-4325-83A1-D2EDB24A497C}.Release|Any CPU.ActiveCfg = Release|Any CPU
		{A26F9EDD-28B8-4325-83A1-D2EDB24A497C}.Release|Any CPU.Build.0 = Release|Any CPU
		{2B236442-0006-4640-ABFA-653D90B6CD97}.Debug|Any CPU.ActiveCfg = Debug|Any CPU
		{2B236442-0006-4640-ABFA-653D90B6CD97}.Debug|Any CPU.Build.0 = Debug|Any CPU
		{2B236442-0006-4640-ABFA-653D90B6CD97}.Release|Any CPU.ActiveCfg = Release|Any CPU
		{2B236442-0006-4640-ABFA-653D90B6CD97}.Release|Any CPU.Build.0 = Release|Any CPU
		{222F41E3-02F9-411E-8836-7631D9DD09C9}.Debug|Any CPU.ActiveCfg = Debug|Any CPU
		{222F41E3-02F9-411E-8836-7631D9DD09C9}.Debug|Any CPU.Build.0 = Debug|Any CPU
		{222F41E3-02F9-411E-8836-7631D9DD09C9}.Release|Any CPU.ActiveCfg = Release|Any CPU
		{222F41E3-02F9-411E-8836-7631D9DD09C9}.Release|Any CPU.Build.0 = Release|Any CPU
		{50DACEB4-0DD4-44A0-B835-D0C6371717CC}.Debug|Any CPU.ActiveCfg = Debug|Any CPU
		{50DACEB4-0DD4-44A0-B835-D0C6371717CC}.Debug|Any CPU.Build.0 = Debug|Any CPU
		{50DACEB4-0DD4-44A0-B835-D0C6371717CC}.Release|Any CPU.ActiveCfg = Release|Any CPU
		{50DACEB4-0DD4-44A0-B835-D0C6371717CC}.Release|Any CPU.Build.0 = Release|Any CPU
		{178E04C2-02E1-4E4D-809A-E72A4066AC12}.Debug|Any CPU.ActiveCfg = Debug|Any CPU
		{178E04C2-02E1-4E4D-809A-E72A4066AC12}.Debug|Any CPU.Build.0 = Debug|Any CPU
		{178E04C2-02E1-4E4D-809A-E72A4066AC12}.Release|Any CPU.ActiveCfg = Release|Any CPU
		{178E04C2-02E1-4E4D-809A-E72A4066AC12}.Release|Any CPU.Build.0 = Release|Any CPU
		{54DBE840-ECAA-4F4A-A7C1-6B689C53D881}.Debug|Any CPU.ActiveCfg = Debug|Any CPU
		{54DBE840-ECAA-4F4A-A7C1-6B689C53D881}.Debug|Any CPU.Build.0 = Debug|Any CPU
		{54DBE840-ECAA-4F4A-A7C1-6B689C53D881}.Release|Any CPU.ActiveCfg = Release|Any CPU
		{54DBE840-ECAA-4F4A-A7C1-6B689C53D881}.Release|Any CPU.Build.0 = Release|Any CPU
		{ABC61085-2060-41D4-942F-DF1B5FACF1FE}.Debug|Any CPU.ActiveCfg = Debug|Any CPU
		{ABC61085-2060-41D4-942F-DF1B5FACF1FE}.Debug|Any CPU.Build.0 = Debug|Any CPU
		{ABC61085-2060-41D4-942F-DF1B5FACF1FE}.Release|Any CPU.ActiveCfg = Release|Any CPU
		{ABC61085-2060-41D4-942F-DF1B5FACF1FE}.Release|Any CPU.Build.0 = Release|Any CPU
		{05DCDB43-03D0-401A-8137-042A8C417527}.Debug|Any CPU.ActiveCfg = Debug|Any CPU
		{05DCDB43-03D0-401A-8137-042A8C417527}.Debug|Any CPU.Build.0 = Debug|Any CPU
		{05DCDB43-03D0-401A-8137-042A8C417527}.Release|Any CPU.ActiveCfg = Release|Any CPU
		{05DCDB43-03D0-401A-8137-042A8C417527}.Release|Any CPU.Build.0 = Release|Any CPU
		{5C88F413-0152-4A97-B1F6-44B2EE4F32DF}.Debug|Any CPU.ActiveCfg = Debug|Any CPU
		{5C88F413-0152-4A97-B1F6-44B2EE4F32DF}.Debug|Any CPU.Build.0 = Debug|Any CPU
		{5C88F413-0152-4A97-B1F6-44B2EE4F32DF}.Release|Any CPU.ActiveCfg = Release|Any CPU
		{5C88F413-0152-4A97-B1F6-44B2EE4F32DF}.Release|Any CPU.Build.0 = Release|Any CPU
		{75762C2E-34E8-4F3D-BDA6-D436CE896612}.Debug|Any CPU.ActiveCfg = Debug|Any CPU
		{75762C2E-34E8-4F3D-BDA6-D436CE896612}.Debug|Any CPU.Build.0 = Debug|Any CPU
		{75762C2E-34E8-4F3D-BDA6-D436CE896612}.Release|Any CPU.ActiveCfg = Release|Any CPU
		{75762C2E-34E8-4F3D-BDA6-D436CE896612}.Release|Any CPU.Build.0 = Release|Any CPU
		{A17678B3-2840-4BA1-8882-4D8A93FAC017}.Debug|Any CPU.ActiveCfg = Debug|Any CPU
		{A17678B3-2840-4BA1-8882-4D8A93FAC017}.Debug|Any CPU.Build.0 = Debug|Any CPU
		{A17678B3-2840-4BA1-8882-4D8A93FAC017}.Release|Any CPU.ActiveCfg = Release|Any CPU
		{A17678B3-2840-4BA1-8882-4D8A93FAC017}.Release|Any CPU.Build.0 = Release|Any CPU
		{B632A76B-6AE4-443C-91D3-708DB75ADA5E}.Debug|Any CPU.ActiveCfg = Debug|Any CPU
		{B632A76B-6AE4-443C-91D3-708DB75ADA5E}.Debug|Any CPU.Build.0 = Debug|Any CPU
		{B632A76B-6AE4-443C-91D3-708DB75ADA5E}.Release|Any CPU.ActiveCfg = Release|Any CPU
		{B632A76B-6AE4-443C-91D3-708DB75ADA5E}.Release|Any CPU.Build.0 = Release|Any CPU
		{B721853A-5FD7-473D-9CE1-09E35E79BE63}.Debug|Any CPU.ActiveCfg = Debug|Any CPU
		{B721853A-5FD7-473D-9CE1-09E35E79BE63}.Debug|Any CPU.Build.0 = Debug|Any CPU
		{B721853A-5FD7-473D-9CE1-09E35E79BE63}.Release|Any CPU.ActiveCfg = Release|Any CPU
		{B721853A-5FD7-473D-9CE1-09E35E79BE63}.Release|Any CPU.Build.0 = Release|Any CPU
		{B4D38B33-9EEA-4C46-A0BB-F1BC300EDAD7}.Debug|Any CPU.ActiveCfg = Debug|Any CPU
		{B4D38B33-9EEA-4C46-A0BB-F1BC300EDAD7}.Debug|Any CPU.Build.0 = Debug|Any CPU
		{B4D38B33-9EEA-4C46-A0BB-F1BC300EDAD7}.Release|Any CPU.ActiveCfg = Release|Any CPU
		{B4D38B33-9EEA-4C46-A0BB-F1BC300EDAD7}.Release|Any CPU.Build.0 = Release|Any CPU
		{61592D7B-EF68-44B5-89BF-0F715200CE32}.Debug|Any CPU.ActiveCfg = Debug|Any CPU
		{61592D7B-EF68-44B5-89BF-0F715200CE32}.Debug|Any CPU.Build.0 = Debug|Any CPU
		{61592D7B-EF68-44B5-89BF-0F715200CE32}.Release|Any CPU.ActiveCfg = Release|Any CPU
		{61592D7B-EF68-44B5-89BF-0F715200CE32}.Release|Any CPU.Build.0 = Release|Any CPU
		{2F9D9CF2-1186-440A-AD16-85529BC7BEF9}.Debug|Any CPU.ActiveCfg = Debug|Any CPU
		{2F9D9CF2-1186-440A-AD16-85529BC7BEF9}.Debug|Any CPU.Build.0 = Debug|Any CPU
		{2F9D9CF2-1186-440A-AD16-85529BC7BEF9}.Release|Any CPU.ActiveCfg = Release|Any CPU
		{2F9D9CF2-1186-440A-AD16-85529BC7BEF9}.Release|Any CPU.Build.0 = Release|Any CPU
		{92D393A4-9212-4BAD-BEFF-BE8A53D5D43F}.Debug|Any CPU.ActiveCfg = Debug|Any CPU
		{92D393A4-9212-4BAD-BEFF-BE8A53D5D43F}.Debug|Any CPU.Build.0 = Debug|Any CPU
		{92D393A4-9212-4BAD-BEFF-BE8A53D5D43F}.Release|Any CPU.ActiveCfg = Release|Any CPU
		{92D393A4-9212-4BAD-BEFF-BE8A53D5D43F}.Release|Any CPU.Build.0 = Release|Any CPU
	EndGlobalSection
EndGlobal
